// !$*UTF8*$!
{
	archiveVersion = 1;
	classes = {
	};
	objectVersion = 46;
	objects = {

/* Begin PBXBuildFile section */
		98CBF1431EF6E0A200DDECC4 /* AppDelegate.swift in Sources */ = {isa = PBXBuildFile; fileRef = 98CBF1421EF6E0A200DDECC4 /* AppDelegate.swift */; };
		98CBF1451EF6E0A200DDECC4 /* ViewController.swift in Sources */ = {isa = PBXBuildFile; fileRef = 98CBF1441EF6E0A200DDECC4 /* ViewController.swift */; };
		98CBF1481EF6E0A200DDECC4 /* Main.storyboard in Resources */ = {isa = PBXBuildFile; fileRef = 98CBF1461EF6E0A200DDECC4 /* Main.storyboard */; };
		98CBF14A1EF6E0A300DDECC4 /* Assets.xcassets in Resources */ = {isa = PBXBuildFile; fileRef = 98CBF1491EF6E0A300DDECC4 /* Assets.xcassets */; };
		98CBF14D1EF6E0A300DDECC4 /* LaunchScreen.storyboard in Resources */ = {isa = PBXBuildFile; fileRef = 98CBF14B1EF6E0A300DDECC4 /* LaunchScreen.storyboard */; };
/* End PBXBuildFile section */

/* Begin PBXFileReference section */
		98CBF13F1EF6E0A200DDECC4 /* MakingaNetworkRequest.app */ = {isa = PBXFileReference; explicitFileType = wrapper.application; includeInIndex = 0; path = MakingaNetworkRequest.app; sourceTree = BUILT_PRODUCTS_DIR; };
		98CBF1421EF6E0A200DDECC4 /* AppDelegate.swift */ = {isa = PBXFileReference; lastKnownFileType = sourcecode.swift; path = AppDelegate.swift; sourceTree = "<group>"; };
		98CBF1441EF6E0A200DDECC4 /* ViewController.swift */ = {isa = PBXFileReference; lastKnownFileType = sourcecode.swift; path = ViewController.swift; sourceTree = "<group>"; };
		98CBF1471EF6E0A200DDECC4 /* Base */ = {isa = PBXFileReference; lastKnownFileType = file.storyboard; name = Base; path = Base.lproj/Main.storyboard; sourceTree = "<group>"; };
		98CBF1491EF6E0A300DDECC4 /* Assets.xcassets */ = {isa = PBXFileReference; lastKnownFileType = folder.assetcatalog; path = Assets.xcassets; sourceTree = "<group>"; };
		98CBF14C1EF6E0A300DDECC4 /* Base */ = {isa = PBXFileReference; lastKnownFileType = file.storyboard; name = Base; path = Base.lproj/LaunchScreen.storyboard; sourceTree = "<group>"; };
		98CBF14E1EF6E0A300DDECC4 /* Info.plist */ = {isa = PBXFileReference; lastKnownFileType = text.plist.xml; path = Info.plist; sourceTree = "<group>"; };
/* End PBXFileReference section */

/* Begin PBXFrameworksBuildPhase section */
		98CBF13C1EF6E0A200DDECC4 /* Frameworks */ = {
			isa = PBXFrameworksBuildPhase;
			buildActionMask = 2147483647;
			files = (
			);
			runOnlyForDeploymentPostprocessing = 0;
		};
/* End PBXFrameworksBuildPhase section */

/* Begin PBXGroup section */
		98CBF1361EF6E0A200DDECC4 = {
			isa = PBXGroup;
			children = (
				98CBF1411EF6E0A200DDECC4 /* MakingaNetworkRequest */,
				98CBF1401EF6E0A200DDECC4 /* Products */,
			);
			sourceTree = "<group>";
		};
		98CBF1401EF6E0A200DDECC4 /* Products */ = {
			isa = PBXGroup;
			children = (
				98CBF13F1EF6E0A200DDECC4 /* MakingaNetworkRequest.app */,
			);
			name = Products;
			sourceTree = "<group>";
		};
		98CBF1411EF6E0A200DDECC4 /* MakingaNetworkRequest */ = {
			isa = PBXGroup;
			children = (
				98CBF1421EF6E0A200DDECC4 /* AppDelegate.swift */,
				98CBF1441EF6E0A200DDECC4 /* ViewController.swift */,
				98CBF1461EF6E0A200DDECC4 /* Main.storyboard */,
				98CBF1491EF6E0A300DDECC4 /* Assets.xcassets */,
				98CBF14B1EF6E0A300DDECC4 /* LaunchScreen.storyboard */,
				98CBF14E1EF6E0A300DDECC4 /* Info.plist */,
			);
			path = MakingaNetworkRequest;
			sourceTree = "<group>";
		};
/* End PBXGroup section */

/* Begin PBXNativeTarget section */
		98CBF13E1EF6E0A200DDECC4 /* MakingaNetworkRequest */ = {
			isa = PBXNativeTarget;
			buildConfigurationList = 98CBF1511EF6E0A300DDECC4 /* Build configuration list for PBXNativeTarget "MakingaNetworkRequest" */;
			buildPhases = (
				98CBF13B1EF6E0A200DDECC4 /* Sources */,
				98CBF13C1EF6E0A200DDECC4 /* Frameworks */,
				98CBF13D1EF6E0A200DDECC4 /* Resources */,
			);
			buildRules = (
			);
			dependencies = (
			);
			name = MakingaNetworkRequest;
			productName = MakingaNetworkRequest;
			productReference = 98CBF13F1EF6E0A200DDECC4 /* MakingaNetworkRequest.app */;
			productType = "com.apple.product-type.application";
		};
/* End PBXNativeTarget section */

/* Begin PBXProject section */
		98CBF1371EF6E0A200DDECC4 /* Project object */ = {
			isa = PBXProject;
			attributes = {
				LastSwiftUpdateCheck = 0830;
				LastUpgradeCheck = 0830;
				ORGANIZATIONNAME = vignesh;
				TargetAttributes = {
					98CBF13E1EF6E0A200DDECC4 = {
						CreatedOnToolsVersion = 8.3.3;
						ProvisioningStyle = Automatic;
					};
				};
			};
			buildConfigurationList = 98CBF13A1EF6E0A200DDECC4 /* Build configuration list for PBXProject "MakingaNetworkRequest" */;
			compatibilityVersion = "Xcode 3.2";
			developmentRegion = English;
			hasScannedForEncodings = 0;
			knownRegions = (
				en,
				Base,
			);
			mainGroup = 98CBF1361EF6E0A200DDECC4;
			productRefGroup = 98CBF1401EF6E0A200DDECC4 /* Products */;
			projectDirPath = "";
			projectRoot = "";
			targets = (
				98CBF13E1EF6E0A200DDECC4 /* MakingaNetworkRequest */,
			);
		};
/* End PBXProject section */

/* Begin PBXResourcesBuildPhase section */
		98CBF13D1EF6E0A200DDECC4 /* Resources */ = {
			isa = PBXResourcesBuildPhase;
			buildActionMask = 2147483647;
			files = (
				98CBF14D1EF6E0A300DDECC4 /* LaunchScreen.storyboard in Resources */,
				98CBF14A1EF6E0A300DDECC4 /* Assets.xcassets in Resources */,
				98CBF1481EF6E0A200DDECC4 /* Main.storyboard in Resources */,
			);
			runOnlyForDeploymentPostprocessing = 0;
		};
/* End PBXResourcesBuildPhase section */

/* Begin PBXSourcesBuildPhase section */
		98CBF13B1EF6E0A200DDECC4 /* Sources */ = {
			isa = PBXSourcesBuildPhase;
			buildActionMask = 2147483647;
			files = (
				98CBF1451EF6E0A200DDECC4 /* ViewController.swift in Sources */,
				98CBF1431EF6E0A200DDECC4 /* AppDelegate.swift in Sources */,
			);
			runOnlyForDeploymentPostprocessing = 0;
		};
/* End PBXSourcesBuildPhase section */

/* Begin PBXVariantGroup section */
		98CBF1461EF6E0A200DDECC4 /* Main.storyboard */ = {
			isa = PBXVariantGroup;
			children = (
				98CBF1471EF6E0A200DDECC4 /* Base */,
			);
			name = Main.storyboard;
			sourceTree = "<group>";
		};
		98CBF14B1EF6E0A300DDECC4 /* LaunchScreen.storyboard */ = {
			isa = PBXVariantGroup;
			children = (
				98CBF14C1EF6E0A300DDECC4 /* Base */,
			);
			name = LaunchScreen.storyboard;
			sourceTree = "<group>";
		};
/* End PBXVariantGroup section */

/* Begin XCBuildConfiguration section */
		98CBF14F1EF6E0A300DDECC4 /* Debug */ = {
			isa = XCBuildConfiguration;
			buildSettings = {
				ALWAYS_SEARCH_USER_PATHS = NO;
				CLANG_ANALYZER_NONNULL = YES;
				CLANG_ANALYZER_NUMBER_OBJECT_CONVERSION = YES_AGGRESSIVE;
				CLANG_CXX_LANGUAGE_STANDARD = "gnu++0x";
				CLANG_CXX_LIBRARY = "libc++";
				CLANG_ENABLE_MODULES = YES;
				CLANG_ENABLE_OBJC_ARC = YES;
				CLANG_WARN_BOOL_CONVERSION = YES;
				CLANG_WARN_CONSTANT_CONVERSION = YES;
				CLANG_WARN_DIRECT_OBJC_ISA_USAGE = YES_ERROR;
				CLANG_WARN_DOCUMENTATION_COMMENTS = YES;
				CLANG_WARN_EMPTY_BODY = YES;
				CLANG_WARN_ENUM_CONVERSION = YES;
				CLANG_WARN_INFINITE_RECURSION = YES;
				CLANG_WARN_INT_CONVERSION = YES;
				CLANG_WARN_OBJC_ROOT_CLASS = YES_ERROR;
				CLANG_WARN_SUSPICIOUS_MOVE = YES;
				CLANG_WARN_UNREACHABLE_CODE = YES;
				CLANG_WARN__DUPLICATE_METHOD_MATCH = YES;
				"CODE_SIGN_IDENTITY[sdk=iphoneos*]" = "iPhone Developer";
				COPY_PHASE_STRIP = NO;
				DEBUG_INFORMATION_FORMAT = dwarf;
				ENABLE_STRICT_OBJC_MSGSEND = YES;
				ENABLE_TESTABILITY = YES;
				GCC_C_LANGUAGE_STANDARD = gnu99;
				GCC_DYNAMIC_NO_PIC = NO;
				GCC_NO_COMMON_BLOCKS = YES;
				GCC_OPTIMIZATION_LEVEL = 0;
				GCC_PREPROCESSOR_DEFINITIONS = (
					"DEBUG=1",
					"$(inherited)",
				);
				GCC_WARN_64_TO_32_BIT_CONVERSION = YES;
				GCC_WARN_ABOUT_RETURN_TYPE = YES_ERROR;
				GCC_WARN_UNDECLARED_SELECTOR = YES;
				GCC_WARN_UNINITIALIZED_AUTOS = YES_AGGRESSIVE;
				GCC_WARN_UNUSED_FUNCTION = YES;
				GCC_WARN_UNUSED_VARIABLE = YES;
				IPHONEOS_DEPLOYMENT_TARGET = 10.3;
				MTL_ENABLE_DEBUG_INFO = YES;
				ONLY_ACTIVE_ARCH = YES;
				SDKROOT = iphoneos;
				SWIFT_ACTIVE_COMPILATION_CONDITIONS = DEBUG;
				SWIFT_OPTIMIZATION_LEVEL = "-Onone";
				TARGETED_DEVICE_FAMILY = "1,2";
			};
			name = Debug;
		};
		98CBF1501EF6E0A300DDECC4 /* Release */ = {
			isa = XCBuildConfiguration;
			buildSettings = {
				ALWAYS_SEARCH_USER_PATHS = NO;
				CLANG_ANALYZER_NONNULL = YES;
				CLANG_ANALYZER_NUMBER_OBJECT_CONVERSION = YES_AGGRESSIVE;
				CLANG_CXX_LANGUAGE_STANDARD = "gnu++0x";
				CLANG_CXX_LIBRARY = "libc++";
				CLANG_ENABLE_MODULES = YES;
				CLANG_ENABLE_OBJC_ARC = YES;
				CLANG_WARN_BOOL_CONVERSION = YES;
				CLANG_WARN_CONSTANT_CONVERSION = YES;
				CLANG_WARN_DIRECT_OBJC_ISA_USAGE = YES_ERROR;
				CLANG_WARN_DOCUMENTATION_COMMENTS = YES;
				CLANG_WARN_EMPTY_BODY = YES;
				CLANG_WARN_ENUM_CONVERSION = YES;
				CLANG_WARN_INFINITE_RECURSION = YES;
				CLANG_WARN_INT_CONVERSION = YES;
				CLANG_WARN_OBJC_ROOT_CLASS = YES_ERROR;
				CLANG_WARN_SUSPICIOUS_MOVE = YES;
				CLANG_WARN_UNREACHABLE_CODE = YES;
				CLANG_WARN__DUPLICATE_METHOD_MATCH = YES;
				"CODE_SIGN_IDENTITY[sdk=iphoneos*]" = "iPhone Developer";
				COPY_PHASE_STRIP = NO;
				DEBUG_INFORMATION_FORMAT = "dwarf-with-dsym";
				ENABLE_NS_ASSERTIONS = NO;
				ENABLE_STRICT_OBJC_MSGSEND = YES;
				GCC_C_LANGUAGE_STANDARD = gnu99;
				GCC_NO_COMMON_BLOCKS = YES;
				GCC_WARN_64_TO_32_BIT_CONVERSION = YES;
				GCC_WARN_ABOUT_RETURN_TYPE = YES_ERROR;
				GCC_WARN_UNDECLARED_SELECTOR = YES;
				GCC_WARN_UNINITIALIZED_AUTOS = YES_AGGRESSIVE;
				GCC_WARN_UNUSED_FUNCTION = YES;
				GCC_WARN_UNUSED_VARIABLE = YES;
				IPHONEOS_DEPLOYMENT_TARGET = 10.3;
				MTL_ENABLE_DEBUG_INFO = NO;
				SDKROOT = iphoneos;
				SWIFT_OPTIMIZATION_LEVEL = "-Owholemodule";
				TARGETED_DEVICE_FAMILY = "1,2";
				VALIDATE_PRODUCT = YES;
			};
			name = Release;
		};
		98CBF1521EF6E0A300DDECC4 /* Debug */ = {
			isa = XCBuildConfiguration;
			buildSettings = {
				ASSETCATALOG_COMPILER_APPICON_NAME = AppIcon;
				DEVELOPMENT_TEAM = "";
				INFOPLIST_FILE = MakingaNetworkRequest/Info.plist;
				LD_RUNPATH_SEARCH_PATHS = "$(inherited) @executable_path/Frameworks";
				PRODUCT_BUNDLE_IDENTIFIER = vicky.MakingaNetworkRequest;
				PRODUCT_NAME = "$(TARGET_NAME)";
				SWIFT_VERSION = 3.0;
			};
			name = Debug;
		};
		98CBF1531EF6E0A300DDECC4 /* Release */ = {
			isa = XCBuildConfiguration;
			buildSettings = {
				ASSETCATALOG_COMPILER_APPICON_NAME = AppIcon;
				DEVELOPMENT_TEAM = "";
				INFOPLIST_FILE = MakingaNetworkRequest/Info.plist;
				LD_RUNPATH_SEARCH_PATHS = "$(inherited) @executable_path/Frameworks";
				PRODUCT_BUNDLE_IDENTIFIER = vicky.MakingaNetworkRequest;
				PRODUCT_NAME = "$(TARGET_NAME)";
				SWIFT_VERSION = 3.0;
			};
			name = Release;
		};
/* End XCBuildConfiguration section */

/* Begin XCConfigurationList section */
		98CBF13A1EF6E0A200DDECC4 /* Build configuration list for PBXProject "MakingaNetworkRequest" */ = {
			isa = XCConfigurationList;
			buildConfigurations = (
				98CBF14F1EF6E0A300DDECC4 /* Debug */,
				98CBF1501EF6E0A300DDECC4 /* Release */,
			);
			defaultConfigurationIsVisible = 0;
			defaultConfigurationName = Release;
		};
		98CBF1511EF6E0A300DDECC4 /* Build configuration list for PBXNativeTarget "MakingaNetworkRequest" */ = {
			isa = XCConfigurationList;
			buildConfigurations = (
				98CBF1521EF6E0A300DDECC4 /* Debug */,
				98CBF1531EF6E0A300DDECC4 /* Release */,
			);
			defaultConfigurationIsVisible = 0;
		};
/* End XCConfigurationList section */
	};
	rootObject = 98CBF1371EF6E0A200DDECC4 /* Project object */;
}
